
Microsoft Visual Studio Solution File, Format Version 12.00
# Visual Studio Version 17
VisualStudioVersion = 17.4.33213.308
MinimumVisualStudioVersion = 10.0.40219.1
Project("{FAE04EC0-301F-11D3-BF4B-00C04F79EFBC}") = "Tehtävä13", "Tehtävä13\Tehtävä13.csproj", "{67D4D66A-B8D2-4F5B-A33B-D9CA87EEBE25}"
EndProject
Global
	GlobalSection(SolutionConfigurationPlatforms) = preSolution
		Debug|Any CPU = Debug|Any CPU
		Release|Any CPU = Release|Any CPU
	EndGlobalSection
	GlobalSection(ProjectConfigurationPlatforms) = postSolution
		{67D4D66A-B8D2-4F5B-A33B-D9CA87EEBE25}.Debug|Any CPU.ActiveCfg = Debug|Any CPU
		{67D4D66A-B8D2-4F5B-A33B-D9CA87EEBE25}.Debug|Any CPU.Build.0 = Debug|Any CPU
		{67D4D66A-B8D2-4F5B-A33B-D9CA87EEBE25}.Release|Any CPU.ActiveCfg = Release|Any CPU
		{67D4D66A-B8D2-4F5B-A33B-D9CA87EEBE25}.Release|Any CPU.Build.0 = Release|Any CPU
	EndGlobalSection
	GlobalSection(SolutionProperties) = preSolution
		HideSolutionNode = FALSE
	EndGlobalSection
	GlobalSection(ExtensibilityGlobals) = postSolution
		SolutionGuid = {72BB8279-1351-4F9D-89B1-F6545A731C20}
	EndGlobalSection
EndGlobal
